<?xml version="1.0" encoding="utf-8"?>
<Project ToolsVersion="4.0" xmlns="http://schemas.microsoft.com/developer/msbuild/2003">
  <ItemGroup>
    <Filter Include="Source Files">
      <UniqueIdentifier>{4FC737F1-C7A5-4376-A066-2A32D752A2FF}</UniqueIdentifier>
      <Extensions>cpp;c;cc;cxx;def;odl;idl;hpj;bat;asm;asmx</Extensions>
    </Filter>
    <Filter Include="Header Files">
      <UniqueIdentifier>{93995380-89BD-4b04-88EB-625FBE52EBFB}</UniqueIdentifier>
      <Extensions>h;hh;hpp;hxx;hm;inl;inc;xsd</Extensions>
    </Filter>
    <Filter Include="Resource Files">
      <UniqueIdentifier>{67DA6AB6-F800-4c08-8B7A-83BB121AAD01}</UniqueIdentifier>
      <Extensions>rc;ico;cur;bmp;dlg;rc2;rct;bin;rgs;gif;jpg;jpeg;jpe;resx;tiff;tif;png;wav;mfcribbon-ms</Extensions>
    </Filter>
    <Filter Include="Source Files\Grafika">
      <UniqueIdentifier>{46fcfee5-1f76-4d61-abdf-1e019f9bea49}</UniqueIdentifier>
    </Filter>
    <Filter Include="Source Files\Silnik">
      <UniqueIdentifier>{8502830e-a587-4832-8c15-b5704db30908}</UniqueIdentifier>
    </Filter>
    <Filter Include="Source Files\Grafika\Karty">
      <UniqueIdentifier>{57f05bca-d4b8-4984-ad82-909825707890}</UniqueIdentifier>
    </Filter>
    <Filter Include="Source Files\Grafika\Plansza">
      <UniqueIdentifier>{66b73ebd-5ab6-4e84-b0a7-77db551026a6}</UniqueIdentifier>
    </Filter>
    <Filter Include="Source Files\Silnik\Stany">
      <UniqueIdentifier>{7399d62e-0882-4566-aa29-ebb20020ff07}</UniqueIdentifier>
    </Filter>
    <Filter Include="Source Files\Silnik\Okna">
      <UniqueIdentifier>{4d18e599-654e-41f3-9cd9-6042736fe76f}</UniqueIdentifier>
    </Filter>
    <Filter Include="Header Files\View">
      <UniqueIdentifier>{dc27c22f-7bc5-4fad-8083-e6a634bab2b3}</UniqueIdentifier>
    </Filter>
    <Filter Include="Header Files\Controler">
      <UniqueIdentifier>{02af3e23-65ab-4560-a1a4-5415fbf839fa}</UniqueIdentifier>
    </Filter>
    <Filter Include="Header Files\Model">
      <UniqueIdentifier>{01d24361-46ba-49bd-bd26-a0d2ffd44e54}</UniqueIdentifier>
    </Filter>
    <Filter Include="Header Files\Model\Plansza">
      <UniqueIdentifier>{1c6a5c13-246f-4b5f-b450-0ba8e4d726de}</UniqueIdentifier>
    </Filter>
    <Filter Include="Header Files\Model\Karty">
      <UniqueIdentifier>{5143f495-1b35-4dca-9ff9-afe4c98188b7}</UniqueIdentifier>
    </Filter>
    <Filter Include="Header Files\Model\Statystyki">
      <UniqueIdentifier>{1bef3949-1440-4040-8c64-6237d2ec1e1a}</UniqueIdentifier>
    </Filter>
    <Filter Include="Header Files\Controler\Budowniczy">
      <UniqueIdentifier>{f3d41da5-34ad-48d2-a0b8-89c81b18f134}</UniqueIdentifier>
    </Filter>
    <Filter Include="Header Files\Model\Struktury">
      <UniqueIdentifier>{3b41cd4f-f927-4a77-a458-59a0d47be12e}</UniqueIdentifier>
    </Filter>
    <Filter Include="Header Files\Model\Losowania">
      <UniqueIdentifier>{899bef52-0d20-4335-9a4a-978293c7d8a0}</UniqueIdentifier>
    </Filter>
  </ItemGroup>
  <ItemGroup>
    <ClCompile Include="main.cpp">
      <Filter>Source Files</Filter>
    </ClCompile>
    <ClCompile Include="Gra.cpp">
      <Filter>Source Files\Silnik\Stany</Filter>
    </ClCompile>
    <ClCompile Include="MainWindow.cpp">
      <Filter>Source Files\Silnik\Okna</Filter>
    </ClCompile>
    <ClCompile Include="RysunekComponent.cpp">
      <Filter>Source Files</Filter>
    </ClCompile>
    <ClCompile Include="PoleLeaf.cpp">
      <Filter>Source Files</Filter>
    </ClCompile>
    <ClCompile Include="PoleWartosciLeaf.cpp">
      <Filter>Source Files</Filter>
    </ClCompile>
    <ClCompile Include="RysunekComposite.cpp">
      <Filter>Source Files</Filter>
    </ClCompile>
    <ClCompile Include="RamkaLeaf.cpp">
      <Filter>Source Files</Filter>
    </ClCompile>
    <ClCompile Include="BudynekLeaf.cpp">
      <Filter>Source Files</Filter>
    </ClCompile>
    <ClCompile Include="DrogaLeaf.cpp">
      <Filter>Source Files</Filter>
    </ClCompile>
    <ClCompile Include="Gracz.cpp">
      <Filter>Source Files</Filter>
    </ClCompile>
    <ClCompile Include="PortLeaf.cpp">
      <Filter>Source Files</Filter>
    </ClCompile>
    <ClCompile Include="Plansza.cpp">
      <Filter>Source Files</Filter>
    </ClCompile>
    <ClCompile Include="Pole.cpp">
      <Filter>Source Files</Filter>
    </ClCompile>
    <ClCompile Include="Osada.cpp">
      <Filter>Source Files</Filter>
    </ClCompile>
    <ClCompile Include="Droga.cpp">
      <Filter>Source Files</Filter>
    </ClCompile>
    <ClCompile Include="Port.cpp">
      <Filter>Source Files</Filter>
    </ClCompile>
    <ClCompile Include="Zlodziej.cpp">
      <Filter>Source Files</Filter>
    </ClCompile>
    <ClCompile Include="LosowaPlanszaBuilder.cpp">
      <Filter>Source Files</Filter>
    </ClCompile>
    <ClCompile Include="PlanszaBuilder.cpp">
      <Filter>Source Files</Filter>
    </ClCompile>
    <ClCompile Include="Kostka.cpp">
      <Filter>Source Files</Filter>
    </ClCompile>
    <ClCompile Include="DystrybutorWartosci.cpp">
      <Filter>Source Files</Filter>
    </ClCompile>
    <ClCompile Include="DystrybutorTekstur.cpp">
      <Filter>Source Files</Filter>
    </ClCompile>
    <ClCompile Include="DystrybutorCzcionek.cpp">
      <Filter>Source Files</Filter>
    </ClCompile>
    <ClCompile Include="Parowanie.cpp">
      <Filter>Source Files</Filter>
    </ClCompile>
    <ClCompile Include="Testy.cpp">
      <Filter>Source Files</Filter>
    </ClCompile>
    <ClCompile Include="MaszynaLosujaca.cpp">
      <Filter>Source Files</Filter>
    </ClCompile>
  </ItemGroup>
  <ItemGroup>
    <ClInclude Include="Sytuacja.hpp">
      <Filter>Header Files\Model\Statystyki</Filter>
    </ClInclude>
    <ClInclude Include="Gracz.hpp">
      <Filter>Header Files\Model\Statystyki</Filter>
    </ClInclude>
    <ClInclude Include="Surowiec.hpp">
      <Filter>Header Files\Model\Karty</Filter>
    </ClInclude>
    <ClInclude Include="Efekt.hpp">
      <Filter>Header Files\Model\Karty</Filter>
    </ClInclude>
    <ClInclude Include="EfektRycerza.hpp">
      <Filter>Header Files\Model\Karty</Filter>
    </ClInclude>
    <ClInclude Include="Karta.hpp">
      <Filter>Header Files\View</Filter>
    </ClInclude>
    <ClInclude Include="BudynekLeaf.hpp">
      <Filter>Header Files\View</Filter>
    </ClInclude>
    <ClInclude Include="DrogaLeaf.hpp">
      <Filter>Header Files\View</Filter>
    </ClInclude>
    <ClInclude Include="PoleLeaf.hpp">
      <Filter>Header Files\View</Filter>
    </ClInclude>
    <ClInclude Include="PoleWartosciLeaf.hpp">
      <Filter>Header Files\View</Filter>
    </ClInclude>
    <ClInclude Include="PortLeaf.hpp">
      <Filter>Header Files\View</Filter>
    </ClInclude>
    <ClInclude Include="RamkaLeaf.hpp">
      <Filter>Header Files\View</Filter>
    </ClInclude>
    <ClInclude Include="RysunekComponent.hpp">
      <Filter>Header Files\View</Filter>
    </ClInclude>
    <ClInclude Include="RysunekComposite.hpp">
      <Filter>Header Files\View</Filter>
    </ClInclude>
    <ClInclude Include="Plansza.hpp">
      <Filter>Header Files\Model\Plansza</Filter>
    </ClInclude>
    <ClInclude Include="Droga.hpp">
      <Filter>Header Files\Model\Plansza</Filter>
    </ClInclude>
    <ClInclude Include="Pole.hpp">
      <Filter>Header Files\Model\Plansza</Filter>
    </ClInclude>
    <ClInclude Include="Zlodziej.hpp">
      <Filter>Header Files\Model\Plansza</Filter>
    </ClInclude>
    <ClInclude Include="Port.hpp">
      <Filter>Header Files\Model\Plansza</Filter>
    </ClInclude>
    <ClInclude Include="PlanszaBuilder.hpp">
      <Filter>Header Files\Controler\Budowniczy</Filter>
    </ClInclude>
    <ClInclude Include="Gra.hpp">
      <Filter>Header Files\Controler</Filter>
    </ClInclude>
    <ClInclude Include="Koordynaty.hpp">
      <Filter>Header Files\Model\Struktury</Filter>
    </ClInclude>
    <ClInclude Include="Dostawa.hpp">
      <Filter>Header Files\Model\Struktury</Filter>
    </ClInclude>
    <ClInclude Include="Osada.hpp">
      <Filter>Header Files\Model\Plansza</Filter>
    </ClInclude>
    <ClInclude Include="Towar.hpp">
      <Filter>Header Files\Model\Struktury</Filter>
    </ClInclude>
    <ClInclude Include="DystrybutorTekstur.hpp">
      <Filter>Header Files\Controler\Budowniczy</Filter>
    </ClInclude>
    <ClInclude Include="LosowaPlanszaBuilder.hpp">
      <Filter>Header Files\Controler\Budowniczy</Filter>
    </ClInclude>
    <ClInclude Include="OcenPlanszaBuilder.hpp">
      <Filter>Header Files\Controler\Budowniczy</Filter>
    </ClInclude>
    <ClInclude Include="ZrownowazonaPlanszaBuilder.hpp">
      <Filter>Header Files\Controler\Budowniczy</Filter>
    </ClInclude>
    <ClInclude Include="Kostka.hpp">
      <Filter>Header Files\Model\Plansza</Filter>
    </ClInclude>
    <ClInclude Include="DystrybutorCzcionek.hpp">
      <Filter>Header Files\Controler\Budowniczy</Filter>
    </ClInclude>
    <ClInclude Include="Obszar.hpp">
      <Filter>Header Files\Model\Struktury</Filter>
    </ClInclude>
    <ClInclude Include="Stale.hpp">
      <Filter>Header Files\View</Filter>
    </ClInclude>
    <ClInclude Include="DystrybutorWartosci.hpp">
      <Filter>Header Files\Controler\Budowniczy</Filter>
    </ClInclude>
    <ClInclude Include="Rozwoj.hpp">
      <Filter>Header Files\Model\Karty</Filter>
    </ClInclude>
    <ClInclude Include="Etykieta.hpp">
      <Filter>Header Files\Controler\Budowniczy</Filter>
    </ClInclude>
    <ClInclude Include="PrzeznaczenieFontu.hpp">
      <Filter>Header Files\View</Filter>
    </ClInclude>
    <ClInclude Include="Parowanie.hpp">
      <Filter>Header Files\Controler\Budowniczy</Filter>
    </ClInclude>
    <ClInclude Include="Testy.hpp">
      <Filter>Header Files</Filter>
    </ClInclude>
    <ClInclude Include="MaszynaLosujaca.hpp">
      <Filter>Header Files\Model\Losowania</Filter>
    </ClInclude>
  </ItemGroup>
  <ItemGroup>
    <None Include="ClassDiagram.cd" />
  </ItemGroup>
</Project>